
Microsoft Visual Studio Solution File, Format Version 12.00
# Visual Studio 15
VisualStudioVersion = 15.0.27130.2036
MinimumVisualStudioVersion = 10.0.40219.1
Project("{8BC9CEB8-8B4A-11D0-8D11-00A0C91BC942}") = "TextFile", "TextFile\TextFile.vcxproj", "{B12702AD-ABFB-343A-A199-8E24837244A3}"
EndProject
Project("{8BC9CEB8-8B4A-11D0-8D11-00A0C91BC942}") = "TextFile2", "TextFile2\TextFile2.vcxproj", "{5FF35538-477E-411C-B530-AAAFEC04A5A2}"
EndProject
Project("{8BC9CEB8-8B4A-11D0-8D11-00A0C91BC942}") = "binaryFIle", "binaryFIle\binaryFIle.vcxproj", "{693BE8A0-413D-4B80-9985-E0A49B21EFE4}"
EndProject
Project("{8BC9CEB8-8B4A-11D0-8D11-00A0C91BC942}") = "dirProcess", "dirProcess\dirProcess.vcxproj", "{7C09D721-F6DE-437C-A66A-4F9FA3200BDE}"
EndProject
Project("{8BC9CEB8-8B4A-11D0-8D11-00A0C91BC942}") = "fileview", "fileview\fileview.vcxproj", "{1CA53A80-BDB5-4FE7-A80F-A986CED4D28E}"
EndProject
Project("{8BC9CEB8-8B4A-11D0-8D11-00A0C91BC942}") = "FileInfo", "FileInfo\FileInfo.vcxproj", "{75FAC85F-C537-4AB3-9966-868183B69EAF}"
EndProject
Project("{8BC9CEB8-8B4A-11D0-8D11-00A0C91BC942}") = "fileWatcher", "fileWatcher\fileWatcher.vcxproj", "{7D056117-91E9-4041-B662-60DA619783A5}"
EndProject
Global
	GlobalSection(SolutionConfigurationPlatforms) = preSolution
		Debug|x64 = Debug|x64
		Release|x64 = Release|x64
	EndGlobalSection
	GlobalSection(ProjectConfigurationPlatforms) = postSolution
		{B12702AD-ABFB-343A-A199-8E24837244A3}.Debug|x64.ActiveCfg = Debug|x64
		{B12702AD-ABFB-343A-A199-8E24837244A3}.Debug|x64.Build.0 = Debug|x64
		{B12702AD-ABFB-343A-A199-8E24837244A3}.Release|x64.ActiveCfg = Release|x64
		{B12702AD-ABFB-343A-A199-8E24837244A3}.Release|x64.Build.0 = Release|x64
		{5FF35538-477E-411C-B530-AAAFEC04A5A2}.Debug|x64.ActiveCfg = Debug|x64
		{5FF35538-477E-411C-B530-AAAFEC04A5A2}.Debug|x64.Build.0 = Debug|x64
		{5FF35538-477E-411C-B530-AAAFEC04A5A2}.Release|x64.ActiveCfg = Release|x64
		{5FF35538-477E-411C-B530-AAAFEC04A5A2}.Release|x64.Build.0 = Release|x64
		{693BE8A0-413D-4B80-9985-E0A49B21EFE4}.Debug|x64.ActiveCfg = Debug|x64
		{693BE8A0-413D-4B80-9985-E0A49B21EFE4}.Debug|x64.Build.0 = Debug|x64
		{693BE8A0-413D-4B80-9985-E0A49B21EFE4}.Release|x64.ActiveCfg = Release|x64
		{693BE8A0-413D-4B80-9985-E0A49B21EFE4}.Release|x64.Build.0 = Release|x64
		{7C09D721-F6DE-437C-A66A-4F9FA3200BDE}.Debug|x64.ActiveCfg = Debug|x64
		{7C09D721-F6DE-437C-A66A-4F9FA3200BDE}.Debug|x64.Build.0 = Debug|x64
		{7C09D721-F6DE-437C-A66A-4F9FA3200BDE}.Release|x64.ActiveCfg = Release|x64
		{7C09D721-F6DE-437C-A66A-4F9FA3200BDE}.Release|x64.Build.0 = Release|x64
		{1CA53A80-BDB5-4FE7-A80F-A986CED4D28E}.Debug|x64.ActiveCfg = Debug|x64
		{1CA53A80-BDB5-4FE7-A80F-A986CED4D28E}.Debug|x64.Build.0 = Debug|x64
		{1CA53A80-BDB5-4FE7-A80F-A986CED4D28E}.Release|x64.ActiveCfg = Release|x64
		{1CA53A80-BDB5-4FE7-A80F-A986CED4D28E}.Release|x64.Build.0 = Release|x64
		{75FAC85F-C537-4AB3-9966-868183B69EAF}.Debug|x64.ActiveCfg = Debug|x64
		{75FAC85F-C537-4AB3-9966-868183B69EAF}.Debug|x64.Build.0 = Debug|x64
		{75FAC85F-C537-4AB3-9966-868183B69EAF}.Release|x64.ActiveCfg = Release|x64
		{75FAC85F-C537-4AB3-9966-868183B69EAF}.Release|x64.Build.0 = Release|x64
		{7D056117-91E9-4041-B662-60DA619783A5}.Debug|x64.ActiveCfg = Debug|x64
		{7D056117-91E9-4041-B662-60DA619783A5}.Debug|x64.Build.0 = Debug|x64
		{7D056117-91E9-4041-B662-60DA619783A5}.Release|x64.ActiveCfg = Release|x64
		{7D056117-91E9-4041-B662-60DA619783A5}.Release|x64.Build.0 = Release|x64
	EndGlobalSection
	GlobalSection(SolutionProperties) = preSolution
		HideSolutionNode = FALSE
	EndGlobalSection
	GlobalSection(ExtensibilityGlobals) = postSolution
		SolutionGuid = {C39D2B35-81FF-4F8C-B586-DE69324F325A}
	EndGlobalSection
EndGlobal
